
Microsoft Visual Studio Solution File, Format Version 12.00
# Visual Studio Version 17
VisualStudioVersion = 17.5.33627.172
MinimumVisualStudioVersion = 10.0.40219.1
Project("{FAE04EC0-301F-11D3-BF4B-00C04F79EFBC}") = "LyftInterview", "LyftInterview\LyftInterview.csproj", "{C734BA71-98B3-46B1-8734-0FBFA45AE63F}"
EndProject
Project("{FAE04EC0-301F-11D3-BF4B-00C04F79EFBC}") = "UnitTests", "UnitTests\UnitTests.csproj", "{9FC29C88-C2E0-48C4-9E90-B256EF422AC8}"
EndProject
Global
	GlobalSection(SolutionConfigurationPlatforms) = preSolution
		Debug|Any CPU = Debug|Any CPU
		Release|Any CPU = Release|Any CPU
	EndGlobalSection
	GlobalSection(ProjectConfigurationPlatforms) = postSolution
		{C734BA71-98B3-46B1-8734-0FBFA45AE63F}.Debug|Any CPU.ActiveCfg = Debug|Any CPU
		{C734BA71-98B3-46B1-8734-0FBFA45AE63F}.Debug|Any CPU.Build.0 = Debug|Any CPU
		{C734BA71-98B3-46B1-8734-0FBFA45AE63F}.Release|Any CPU.ActiveCfg = Release|Any CPU
		{C734BA71-98B3-46B1-8734-0FBFA45AE63F}.Release|Any CPU.Build.0 = Release|Any CPU
		{9FC29C88-C2E0-48C4-9E90-B256EF422AC8}.Debug|Any CPU.ActiveCfg = Debug|Any CPU
		{9FC29C88-C2E0-48C4-9E90-B256EF422AC8}.Debug|Any CPU.Build.0 = Debug|Any CPU
		{9FC29C88-C2E0-48C4-9E90-B256EF422AC8}.Release|Any CPU.ActiveCfg = Release|Any CPU
		{9FC29C88-C2E0-48C4-9E90-B256EF422AC8}.Release|Any CPU.Build.0 = Release|Any CPU
	EndGlobalSection
	GlobalSection(SolutionProperties) = preSolution
		HideSolutionNode = FALSE
	EndGlobalSection
	GlobalSection(ExtensibilityGlobals) = postSolution
		SolutionGuid = {7EA23ED5-2D2A-463D-9637-65761AE8655B}
	EndGlobalSection
EndGlobal
